
Microsoft Visual Studio Solution File, Format Version 12.00
# Visual Studio Version 17
VisualStudioVersion = 17.14.36221.1 d17.14
MinimumVisualStudioVersion = 10.0.40219.1
Project("{FAE04EC0-301F-11D3-BF4B-00C04F79EFBC}") = "Simsy", "Simsy\Simsy.csproj", "{7498EF91-3E9C-4CA8-95C5-9CE0464E8F6C}"
EndProject
Global
	GlobalSection(SolutionConfigurationPlatforms) = preSolution
		Debug|Any CPU = Debug|Any CPU
		Release|Any CPU = Release|Any CPU
	EndGlobalSection
	GlobalSection(ProjectConfigurationPlatforms) = postSolution
		{7498EF91-3E9C-4CA8-95C5-9CE0464E8F6C}.Debug|Any CPU.ActiveCfg = Debug|Any CPU
		{7498EF91-3E9C-4CA8-95C5-9CE0464E8F6C}.Debug|Any CPU.Build.0 = Debug|Any CPU
		{7498EF91-3E9C-4CA8-95C5-9CE0464E8F6C}.Release|Any CPU.ActiveCfg = Release|Any CPU
		{7498EF91-3E9C-4CA8-95C5-9CE0464E8F6C}.Release|Any CPU.Build.0 = Release|Any CPU
	EndGlobalSection
	GlobalSection(SolutionProperties) = preSolution
		HideSolutionNode = FALSE
	EndGlobalSection
	GlobalSection(ExtensibilityGlobals) = postSolution
		SolutionGuid = {5D9A38D6-9719-4F83-9CA2-64254FF3E9D8}
	EndGlobalSection
EndGlobal
